
Microsoft Visual Studio Solution File, Format Version 12.00
# Visual Studio Version 17
VisualStudioVersion = 17.5.33516.290
MinimumVisualStudioVersion = 10.0.40219.1
Project("{FAE04EC0-301F-11D3-BF4B-00C04F79EFBC}") = "trabHeranca", "trabHeranca\trabHeranca.csproj", "{59B437F1-C4BD-4A7B-A61C-D71C2BB799BC}"
EndProject
Global
	GlobalSection(SolutionConfigurationPlatforms) = preSolution
		Debug|Any CPU = Debug|Any CPU
		Release|Any CPU = Release|Any CPU
	EndGlobalSection
	GlobalSection(ProjectConfigurationPlatforms) = postSolution
		{59B437F1-C4BD-4A7B-A61C-D71C2BB799BC}.Debug|Any CPU.ActiveCfg = Debug|Any CPU
		{59B437F1-C4BD-4A7B-A61C-D71C2BB799BC}.Debug|Any CPU.Build.0 = Debug|Any CPU
		{59B437F1-C4BD-4A7B-A61C-D71C2BB799BC}.Release|Any CPU.ActiveCfg = Release|Any CPU
		{59B437F1-C4BD-4A7B-A61C-D71C2BB799BC}.Release|Any CPU.Build.0 = Release|Any CPU
	EndGlobalSection
	GlobalSection(SolutionProperties) = preSolution
		HideSolutionNode = FALSE
	EndGlobalSection
	GlobalSection(ExtensibilityGlobals) = postSolution
		SolutionGuid = {F211B568-0099-41FC-9D75-BF677B55FC67}
	EndGlobalSection
EndGlobal
